{
  "name": "sooner.io",
  "version": "0.3.5",
  "dependencies": {
    "express": {
      "version": "3.2.2",
      "from": "express@latest",
      "dependencies": {
        "connect": {
          "version": "2.7.8",
          "from": "connect@2.7.8",
          "dependencies": {
            "formidable": {
              "version": "1.0.13",
              "from": "formidable@1.0.13"
            },
            "bytes": {
              "version": "0.2.0",
              "from": "bytes@0.2.0"
            },
            "pause": {
              "version": "0.0.1",
              "from": "pause@0.0.1"
            }
          }
        },
        "commander": {
          "version": "0.6.1",
          "from": "commander@0.6.1"
        },
        "range-parser": {
          "version": "0.0.4",
          "from": "range-parser@0.0.4"
        },
        "mkdirp": {
          "version": "0.3.4",
          "from": "mkdirp@0.3.4"
        },
        "cookie": {
          "version": "0.0.5",
          "from": "cookie@0.0.5"
        },
        "buffer-crc32": {
          "version": "0.2.1",
          "from": "buffer-crc32@0.2.1"
        },
        "fresh": {
          "version": "0.1.0",
          "from": "fresh@0.1.0"
        },
        "methods": {
          "version": "0.0.1",
          "from": "methods@0.0.1"
        },
        "send": {
          "version": "0.1.0",
          "from": "send@0.1.0",
          "dependencies": {
            "mime": {
              "version": "1.2.6",
              "from": "mime@1.2.6"
            }
          }
        },
        "cookie-signature": {
          "version": "1.0.1",
          "from": "cookie-signature@1.0.1"
        },
        "debug": {
          "version": "0.7.2",
          "from": "debug@*"
        },
        "qs": {
          "version": "0.6.3",
          "from": "qs@0.6.3"
        }
      }
    },
    "connect-assets": {
      "version": "2.4.2",
      "from": "connect-assets@latest",
      "dependencies": {
        "connect-file-cache": {
          "version": "0.2.5",
          "from": "connect-file-cache@0.2.5",
          "dependencies": {
            "mime": {
              "version": "1.2.2",
              "from": "mime@1.2.2"
            },
            "underscore": {
              "version": "1.1.7",
              "from": "underscore@1.1.7"
            }
          }
        },
        "snockets": {
          "version": "1.3.8",
          "from": "snockets@1.3.8",
          "dependencies": {
            "dep-graph": {
              "version": "1.1.0",
              "from": "dep-graph@1.1.0",
              "dependencies": {
                "underscore": {
                  "version": "1.2.1",
                  "from": "underscore@1.2.1"
                }
              }
            },
            "mime": {
              "version": "1.2.2",
              "from": "mime@1.2.2"
            },
            "uglify-js": {
              "version": "1.0.7",
              "from": "uglify-js@1.0.7"
            },
            "underscore": {
              "version": "1.1.7",
              "from": "underscore@1.1.7"
            }
          }
        }
      }
    },
    "stylus": {
      "version": "0.32.1",
      "from": "stylus@latest",
      "dependencies": {
        "cssom": {
          "version": "0.2.5",
          "from": "cssom@0.2.x"
        },
        "mkdirp": {
          "version": "0.3.5",
          "from": "mkdirp@0.3.x"
        },
        "debug": {
          "version": "0.7.2",
          "from": "debug@*"
        }
      }
    },
    "coffee-script": {
      "version": "1.6.2",
      "from": "coffee-script@latest"
    },
    "nib": {
      "version": "0.9.1",
      "from": "nib@latest"
    },
    "jade": {
      "version": "0.30.0",
      "from": "jade@latest",
      "dependencies": {
        "commander": {
          "version": "1.1.1",
          "from": "commander@~1.1.1",
          "dependencies": {
            "keypress": {
              "version": "0.1.0",
              "from": "keypress@0.1.x"
            }
          }
        },
        "mkdirp": {
          "version": "0.3.5",
          "from": "mkdirp@0.3.x"
        },
        "transformers": {
          "version": "2.0.1",
          "from": "transformers@~2.0.1",
          "dependencies": {
            "promise": {
              "version": "2.0.0",
              "from": "promise@~2.0",
              "dependencies": {
                "is-promise": {
                  "version": "1.0.0",
                  "from": "is-promise@~1"
                }
              }
            },
            "css": {
              "version": "1.0.8",
              "from": "css@~1.0.8",
              "dependencies": {
                "css-parse": {
                  "version": "1.0.4",
                  "from": "css-parse@1.0.4"
                },
                "css-stringify": {
                  "version": "1.0.5",
                  "from": "css-stringify@1.0.5"
                }
              }
            },
            "uglify-js": {
              "version": "2.2.5",
              "from": "uglify-js@~2.2.5",
              "dependencies": {
                "source-map": {
                  "version": "0.1.22",
                  "from": "source-map@~0.1.7",
                  "dependencies": {
                    "amdefine": {
                      "version": "0.0.4",
                      "from": "amdefine@>=0.0.4"
                    }
                  }
                },
                "optimist": {
                  "version": "0.3.7",
                  "from": "optimist@~0.3.5",
                  "dependencies": {
                    "wordwrap": {
                      "version": "0.0.2",
                      "from": "wordwrap@~0.0.2"
                    }
                  }
                }
              }
            }
          }
        },
        "character-parser": {
          "version": "1.0.2",
          "from": "character-parser@~1.0.0"
        },
        "monocle": {
          "version": "0.1.47",
          "from": "monocle@~0.1.46",
          "dependencies": {
            "readdirp": {
              "version": "0.2.4",
              "from": "readdirp@~0.2.3",
              "dependencies": {
                "minimatch": {
                  "version": "0.2.12",
                  "from": "minimatch@>=0.2.4",
                  "dependencies": {
                    "lru-cache": {
                      "version": "2.3.0",
                      "from": "lru-cache@2"
                    },
                    "sigmund": {
                      "version": "1.0.0",
                      "from": "sigmund@~1.0.0"
                    }
                  }
                }
              }
            }
          }
        }
      }
    },
    "mongoose": {
      "version": "3.6.9",
      "from": "mongoose@latest",
      "dependencies": {
        "hooks": {
          "version": "0.2.1",
          "from": "hooks@0.2.1"
        },
        "ms": {
          "version": "0.1.0",
          "from": "ms@0.1.0"
        },
        "sliced": {
          "version": "0.0.3",
          "from": "sliced@0.0.3"
        },
        "muri": {
          "version": "0.3.1",
          "from": "muri@0.3.1"
        },
        "mpromise": {
          "version": "0.2.1",
          "from": "mpromise@0.2.1",
          "dependencies": {
            "sliced": {
              "version": "0.0.4",
              "from": "sliced@0.0.4"
            }
          }
        },
        "mpath": {
          "version": "0.1.1",
          "from": "mpath@0.1.1"
        }
      }
    },
    "underscore": {
      "version": "1.4.4",
      "from": "underscore@latest"
    },
    "express-resource-routes": {
      "version": "0.1.0",
      "from": "express-resource-routes@git://github.com/seven1m/express-resource-routes.git",
      "resolved": "git://github.com/seven1m/express-resource-routes.git#4cc40acd5775e918e556d174494c51bb6ba9d378"
    },
    "paginator": {
      "version": "0.1.0",
      "from": "paginator@git://github.com/seven1m/paginator.git",
      "resolved": "git://github.com/seven1m/paginator.git#34f1a247ba08698ed73546032358ece7d477ddbc"
    },
    "cron": {
      "version": "1.0.0",
      "from": "cron@git://github.com/ncb000gt/node-cron.git#1cef12d7",
      "resolved": "git://github.com/ncb000gt/node-cron.git#1cef12d70fdfb278fd2a8b9997a1bef351e523f0"
    },
    "socket.io": {
      "version": "0.9.14",
      "from": "socket.io@latest",
      "dependencies": {
        "socket.io-client": {
          "version": "0.9.11",
          "from": "socket.io-client@0.9.11",
          "dependencies": {
            "uglify-js": {
              "version": "1.2.5",
              "from": "uglify-js@1.2.5"
            },
            "ws": {
              "version": "0.4.25",
              "from": "ws@0.4.x",
              "dependencies": {
                "commander": {
                  "version": "0.6.1",
                  "from": "commander@~0.6.1"
                },
                "tinycolor": {
                  "version": "0.0.1",
                  "from": "tinycolor@0.x"
                },
                "options": {
                  "version": "0.0.5",
                  "from": "options@latest"
                }
              }
            },
            "xmlhttprequest": {
              "version": "1.4.2",
              "from": "xmlhttprequest@1.4.2"
            },
            "active-x-obfuscator": {
              "version": "0.0.1",
              "from": "active-x-obfuscator@0.0.1",
              "dependencies": {
                "zeparser": {
                  "version": "0.0.5",
                  "from": "zeparser@0.0.5"
                }
              }
            }
          }
        },
        "policyfile": {
          "version": "0.0.4",
          "from": "policyfile@0.0.4"
        },
        "base64id": {
          "version": "0.1.0",
          "from": "base64id@0.1.0"
        },
        "redis": {
          "version": "0.7.3",
          "from": "redis@0.7.3"
        }
      }
    },
    "optimist": {
      "version": "0.4.0",
      "from": "optimist@latest",
      "dependencies": {
        "wordwrap": {
          "version": "0.0.2",
          "from": "wordwrap@~0.0.2"
        }
      }
    },
    "markdown": {
      "version": "0.4.0",
      "from": "markdown@latest",
      "dependencies": {
        "nopt": {
          "version": "1.0.10",
          "from": "nopt@1",
          "dependencies": {
            "abbrev": {
              "version": "1.0.4",
              "from": "abbrev@1"
            }
          }
        }
      }
    },
    "eventemitter2": {
      "version": "0.4.11",
      "from": "eventemitter2@latest"
    },
    "mongodb": {
      "version": "1.3.0",
      "from": "mongodb@latest",
      "dependencies": {
        "bson": {
          "version": "0.1.8",
          "from": "bson@0.1.8"
        },
        "kerberos": {
          "version": "0.0.2",
          "from": "kerberos@latest"
        }
      }
    },
    "dnode": {
      "version": "1.0.5",
      "from": "dnode@latest",
      "dependencies": {
        "dnode-protocol": {
          "version": "0.2.2",
          "from": "dnode-protocol@~0.2.2",
          "dependencies": {
            "traverse": {
              "version": "0.6.3",
              "from": "traverse@~0.6.3"
            }
          }
        },
        "jsonify": {
          "version": "0.0.0",
          "from": "jsonify@~0.0.0"
        },
        "weak": {
          "version": "0.2.2",
          "from": "weak@~0.2.1",
          "dependencies": {
            "bindings": {
              "version": "1.1.0",
              "from": "bindings@*"
            }
          }
        }
      }
    },
    "temp": {
      "version": "0.5.0",
      "from": "temp@latest"
    },
    "carrier": {
      "version": "0.1.10",
      "from": "carrier@latest"
    },
    "jade-browser": {
      "version": "0.0.9",
      "from": "jade-browser@latest",
      "dependencies": {
        "jade": {
          "version": "0.20.3",
          "from": "jade@0.20.3",
          "dependencies": {
            "commander": {
              "version": "0.5.2",
              "from": "commander@0.5.x"
            },
            "mkdirp": {
              "version": "0.3.5",
              "from": "mkdirp@>= 0.0.7"
            }
          }
        },
        "async": {
          "version": "0.1.18",
          "from": "async@0.1.18"
        },
        "glob": {
          "version": "3.1.7",
          "from": "glob@3.1.7",
          "dependencies": {
            "minimatch": {
              "version": "0.2.12",
              "from": "minimatch@0.2",
              "dependencies": {
                "lru-cache": {
                  "version": "2.3.0",
                  "from": "lru-cache@2"
                },
                "sigmund": {
                  "version": "1.0.0",
                  "from": "sigmund@~1.0.0"
                }
              }
            },
            "graceful-fs": {
              "version": "1.1.14",
              "from": "graceful-fs@~1.1.2"
            },
            "inherits": {
              "version": "1.0.0",
              "from": "inherits@1"
            }
          }
        },
        "uglify-js": {
          "version": "1.2.5",
          "from": "uglify-js@1.2.5"
        }
      }
    },
    "jasmine-node": {
      "version": "1.7.0",
      "from": "jasmine-node@latest",
      "dependencies": {
        "jasmine-reporters": {
          "version": "0.2.1",
          "from": "jasmine-reporters@>=0.2.0"
        },
        "requirejs": {
          "version": "2.1.5",
          "from": "requirejs@>=0.27.1"
        },
        "walkdir": {
          "version": "0.0.7",
          "from": "walkdir@>= 0.0.1"
        },
        "gaze": {
          "version": "0.3.4",
          "from": "gaze@~0.3.2",
          "dependencies": {
            "minimatch": {
              "version": "0.2.12",
              "from": "minimatch@~0.2.9",
              "dependencies": {
                "lru-cache": {
                  "version": "2.3.0",
                  "from": "lru-cache@2"
                },
                "sigmund": {
                  "version": "1.0.0",
                  "from": "sigmund@~1.0.0"
                }
              }
            },
            "fileset": {
              "version": "0.1.5",
              "from": "fileset@~0.1.5",
              "dependencies": {
                "glob": {
                  "version": "3.2.1",
                  "from": "glob@3.x",
                  "dependencies": {
                    "graceful-fs": {
                      "version": "1.2.1",
                      "from": "graceful-fs@~1.2.0"
                    },
                    "inherits": {
                      "version": "1.0.0",
                      "from": "inherits@1"
                    }
                  }
                }
              }
            }
          }
        },
        "mkdirp": {
          "version": "0.3.5",
          "from": "mkdirp@~0.3.5"
        }
      }
    }
  }
}
